
Microsoft Visual Studio Solution File, Format Version 12.00
# Visual Studio Version 17
VisualStudioVersion = 17.14.36414.22 d17.14
MinimumVisualStudioVersion = 10.0.40219.1
Project("{FAE04EC0-301F-11D3-BF4B-00C04F79EFBC}") = "NoXamlTheme", "NoXamlTheme\NoXamlTheme.csproj", "{024A18DD-48B4-4DB4-B8EE-B0F79F6BC3ED}"
EndProject
Global
	GlobalSection(SolutionConfigurationPlatforms) = preSolution
		Debug|ARM64 = Debug|ARM64
		Debug|x64 = Debug|x64
		Debug|x86 = Debug|x86
		Release|ARM64 = Release|ARM64
		Release|x64 = Release|x64
		Release|x86 = Release|x86
	EndGlobalSection
	GlobalSection(ProjectConfigurationPlatforms) = postSolution
		{024A18DD-48B4-4DB4-B8EE-B0F79F6BC3ED}.Debug|ARM64.ActiveCfg = Debug|ARM64
		{024A18DD-48B4-4DB4-B8EE-B0F79F6BC3ED}.Debug|ARM64.Build.0 = Debug|ARM64
		{024A18DD-48B4-4DB4-B8EE-B0F79F6BC3ED}.Debug|ARM64.Deploy.0 = Debug|ARM64
		{024A18DD-48B4-4DB4-B8EE-B0F79F6BC3ED}.Debug|x64.ActiveCfg = Debug|x64
		{024A18DD-48B4-4DB4-B8EE-B0F79F6BC3ED}.Debug|x64.Build.0 = Debug|x64
		{024A18DD-48B4-4DB4-B8EE-B0F79F6BC3ED}.Debug|x64.Deploy.0 = Debug|x64
		{024A18DD-48B4-4DB4-B8EE-B0F79F6BC3ED}.Debug|x86.ActiveCfg = Debug|x86
		{024A18DD-48B4-4DB4-B8EE-B0F79F6BC3ED}.Debug|x86.Build.0 = Debug|x86
		{024A18DD-48B4-4DB4-B8EE-B0F79F6BC3ED}.Debug|x86.Deploy.0 = Debug|x86
		{024A18DD-48B4-4DB4-B8EE-B0F79F6BC3ED}.Release|ARM64.ActiveCfg = Release|ARM64
		{024A18DD-48B4-4DB4-B8EE-B0F79F6BC3ED}.Release|ARM64.Build.0 = Release|ARM64
		{024A18DD-48B4-4DB4-B8EE-B0F79F6BC3ED}.Release|ARM64.Deploy.0 = Release|ARM64
		{024A18DD-48B4-4DB4-B8EE-B0F79F6BC3ED}.Release|x64.ActiveCfg = Release|x64
		{024A18DD-48B4-4DB4-B8EE-B0F79F6BC3ED}.Release|x64.Build.0 = Release|x64
		{024A18DD-48B4-4DB4-B8EE-B0F79F6BC3ED}.Release|x64.Deploy.0 = Release|x64
		{024A18DD-48B4-4DB4-B8EE-B0F79F6BC3ED}.Release|x86.ActiveCfg = Release|x86
		{024A18DD-48B4-4DB4-B8EE-B0F79F6BC3ED}.Release|x86.Build.0 = Release|x86
		{024A18DD-48B4-4DB4-B8EE-B0F79F6BC3ED}.Release|x86.Deploy.0 = Release|x86
	EndGlobalSection
	GlobalSection(SolutionProperties) = preSolution
		HideSolutionNode = FALSE
	EndGlobalSection
	GlobalSection(ExtensibilityGlobals) = postSolution
		SolutionGuid = {D5B4B30F-6572-46B8-BCE7-D10890C06515}
	EndGlobalSection
EndGlobal
